
Microsoft Visual Studio Solution File, Format Version 12.00
# Visual Studio 15
VisualStudioVersion = 15.0.27703.2035
MinimumVisualStudioVersion = 10.0.40219.1
Project("{FAE04EC0-301F-11D3-BF4B-00C04F79EFBC}") = "Bank", "Bank\Bank.csproj", "{CE9CD7FC-1201-4D3B-98D9-DE1C2D3BDE5A}"
EndProject
Project("{FAE04EC0-301F-11D3-BF4B-00C04F79EFBC}") = "BankTests]", "BankTests]\BankTests].csproj", "{D4ADCF01-4CFF-4A46-B2ED-32536BBF6D8D}"
EndProject
Global
	GlobalSection(SolutionConfigurationPlatforms) = preSolution
		Debug|Any CPU = Debug|Any CPU
		Release|Any CPU = Release|Any CPU
	EndGlobalSection
	GlobalSection(ProjectConfigurationPlatforms) = postSolution
		{CE9CD7FC-1201-4D3B-98D9-DE1C2D3BDE5A}.Debug|Any CPU.ActiveCfg = Debug|Any CPU
		{CE9CD7FC-1201-4D3B-98D9-DE1C2D3BDE5A}.Debug|Any CPU.Build.0 = Debug|Any CPU
		{CE9CD7FC-1201-4D3B-98D9-DE1C2D3BDE5A}.Release|Any CPU.ActiveCfg = Release|Any CPU
		{CE9CD7FC-1201-4D3B-98D9-DE1C2D3BDE5A}.Release|Any CPU.Build.0 = Release|Any CPU
		{D4ADCF01-4CFF-4A46-B2ED-32536BBF6D8D}.Debug|Any CPU.ActiveCfg = Debug|Any CPU
		{D4ADCF01-4CFF-4A46-B2ED-32536BBF6D8D}.Debug|Any CPU.Build.0 = Debug|Any CPU
		{D4ADCF01-4CFF-4A46-B2ED-32536BBF6D8D}.Release|Any CPU.ActiveCfg = Release|Any CPU
		{D4ADCF01-4CFF-4A46-B2ED-32536BBF6D8D}.Release|Any CPU.Build.0 = Release|Any CPU
	EndGlobalSection
	GlobalSection(SolutionProperties) = preSolution
		HideSolutionNode = FALSE
	EndGlobalSection
	GlobalSection(ExtensibilityGlobals) = postSolution
		SolutionGuid = {80240D12-0521-42B2-A0E1-5C2660CB79EA}
	EndGlobalSection
EndGlobal
